// !$*UTF8*$!
{
	archiveVersion = 1;
	classes = {
	};
	objectVersion = 55;
	objects = {

/* Begin PBXBuildFile section */
		F25A9E04289312290030C87A /* DiceDot.swift in Sources */ = {isa = PBXBuildFile; fileRef = F25A9E03289312290030C87A /* DiceDot.swift */; };
		F25A9E06289312630030C87A /* DiceDotsView.swift in Sources */ = {isa = PBXBuildFile; fileRef = F25A9E05289312630030C87A /* DiceDotsView.swift */; };
		F27984C2289321AD00AF0720 /* HistoryView.swift in Sources */ = {isa = PBXBuildFile; fileRef = F27984C1289321AD00AF0720 /* HistoryView.swift */; };
		F27984C6289355F800AF0720 /* DataSave.swift in Sources */ = {isa = PBXBuildFile; fileRef = F27984C5289355F800AF0720 /* DataSave.swift */; };
		F2DD75A32892A00900EBC4F3 /* DicematicApp.swift in Sources */ = {isa = PBXBuildFile; fileRef = F2DD75A22892A00900EBC4F3 /* DicematicApp.swift */; };
		F2DD75A52892A00900EBC4F3 /* ContentView.swift in Sources */ = {isa = PBXBuildFile; fileRef = F2DD75A42892A00900EBC4F3 /* ContentView.swift */; };
		F2DD75A72892A00B00EBC4F3 /* Assets.xcassets in Resources */ = {isa = PBXBuildFile; fileRef = F2DD75A62892A00B00EBC4F3 /* Assets.xcassets */; };
		F2DD75AA2892A00B00EBC4F3 /* Preview Assets.xcassets in Resources */ = {isa = PBXBuildFile; fileRef = F2DD75A92892A00B00EBC4F3 /* Preview Assets.xcassets */; };
		F2DD75B12892A03500EBC4F3 /* DiceView.swift in Sources */ = {isa = PBXBuildFile; fileRef = F2DD75B02892A03500EBC4F3 /* DiceView.swift */; };
		F2DD75B32892A06000EBC4F3 /* Dice.swift in Sources */ = {isa = PBXBuildFile; fileRef = F2DD75B22892A06000EBC4F3 /* Dice.swift */; };
		F2DD75B52892AA7000EBC4F3 /* SettingsView.swift in Sources */ = {isa = PBXBuildFile; fileRef = F2DD75B42892AA7000EBC4F3 /* SettingsView.swift */; };
		F2DD75B72892D0AF00EBC4F3 /* DiceItem.swift in Sources */ = {isa = PBXBuildFile; fileRef = F2DD75B62892D0AF00EBC4F3 /* DiceItem.swift */; };
/* End PBXBuildFile section */

/* Begin PBXFileReference section */
		F25A9E03289312290030C87A /* DiceDot.swift */ = {isa = PBXFileReference; lastKnownFileType = sourcecode.swift; path = DiceDot.swift; sourceTree = "<group>"; };
		F25A9E05289312630030C87A /* DiceDotsView.swift */ = {isa = PBXFileReference; lastKnownFileType = sourcecode.swift; path = DiceDotsView.swift; sourceTree = "<group>"; };
		F27984C1289321AD00AF0720 /* HistoryView.swift */ = {isa = PBXFileReference; lastKnownFileType = sourcecode.swift; path = HistoryView.swift; sourceTree = "<group>"; };
		F27984C5289355F800AF0720 /* DataSave.swift */ = {isa = PBXFileReference; lastKnownFileType = sourcecode.swift; path = DataSave.swift; sourceTree = "<group>"; };
		F2DD759F2892A00900EBC4F3 /* Dicematic.app */ = {isa = PBXFileReference; explicitFileType = wrapper.application; includeInIndex = 0; path = Dicematic.app; sourceTree = BUILT_PRODUCTS_DIR; };
		F2DD75A22892A00900EBC4F3 /* DicematicApp.swift */ = {isa = PBXFileReference; lastKnownFileType = sourcecode.swift; path = DicematicApp.swift; sourceTree = "<group>"; };
		F2DD75A42892A00900EBC4F3 /* ContentView.swift */ = {isa = PBXFileReference; lastKnownFileType = sourcecode.swift; path = ContentView.swift; sourceTree = "<group>"; };
		F2DD75A62892A00B00EBC4F3 /* Assets.xcassets */ = {isa = PBXFileReference; lastKnownFileType = folder.assetcatalog; path = Assets.xcassets; sourceTree = "<group>"; };
		F2DD75A92892A00B00EBC4F3 /* Preview Assets.xcassets */ = {isa = PBXFileReference; lastKnownFileType = folder.assetcatalog; path = "Preview Assets.xcassets"; sourceTree = "<group>"; };
		F2DD75B02892A03500EBC4F3 /* DiceView.swift */ = {isa = PBXFileReference; lastKnownFileType = sourcecode.swift; path = DiceView.swift; sourceTree = "<group>"; };
		F2DD75B22892A06000EBC4F3 /* Dice.swift */ = {isa = PBXFileReference; lastKnownFileType = sourcecode.swift; path = Dice.swift; sourceTree = "<group>"; };
		F2DD75B42892AA7000EBC4F3 /* SettingsView.swift */ = {isa = PBXFileReference; lastKnownFileType = sourcecode.swift; path = SettingsView.swift; sourceTree = "<group>"; };
		F2DD75B62892D0AF00EBC4F3 /* DiceItem.swift */ = {isa = PBXFileReference; lastKnownFileType = sourcecode.swift; path = DiceItem.swift; sourceTree = "<group>"; };
/* End PBXFileReference section */

/* Begin PBXFrameworksBuildPhase section */
		F2DD759C2892A00900EBC4F3 /* Frameworks */ = {
			isa = PBXFrameworksBuildPhase;
			buildActionMask = 2147483647;
			files = (
			);
			runOnlyForDeploymentPostprocessing = 0;
		};
/* End PBXFrameworksBuildPhase section */

/* Begin PBXGroup section */
		F25A9E02289311EA0030C87A /* DiceView */ = {
			isa = PBXGroup;
			children = (
				F2DD75B02892A03500EBC4F3 /* DiceView.swift */,
				F25A9E05289312630030C87A /* DiceDotsView.swift */,
				F25A9E03289312290030C87A /* DiceDot.swift */,
			);
			path = DiceView;
			sourceTree = "<group>";
		};
		F2DD75962892A00900EBC4F3 = {
			isa = PBXGroup;
			children = (
				F2DD75A12892A00900EBC4F3 /* Dicematic */,
				F2DD75A02892A00900EBC4F3 /* Products */,
			);
			sourceTree = "<group>";
		};
		F2DD75A02892A00900EBC4F3 /* Products */ = {
			isa = PBXGroup;
			children = (
				F2DD759F2892A00900EBC4F3 /* Dicematic.app */,
			);
			name = Products;
			sourceTree = "<group>";
		};
		F2DD75A12892A00900EBC4F3 /* Dicematic */ = {
			isa = PBXGroup;
			children = (
				F2DD75A22892A00900EBC4F3 /* DicematicApp.swift */,
				F2DD75A42892A00900EBC4F3 /* ContentView.swift */,
				F2DD75B42892AA7000EBC4F3 /* SettingsView.swift */,
				F25A9E02289311EA0030C87A /* DiceView */,
				F2DD75B22892A06000EBC4F3 /* Dice.swift */,
				F2DD75B62892D0AF00EBC4F3 /* DiceItem.swift */,
				F27984C1289321AD00AF0720 /* HistoryView.swift */,
				F27984C5289355F800AF0720 /* DataSave.swift */,
				F2DD75A62892A00B00EBC4F3 /* Assets.xcassets */,
				F2DD75A82892A00B00EBC4F3 /* Preview Content */,
			);
			path = Dicematic;
			sourceTree = "<group>";
		};
		F2DD75A82892A00B00EBC4F3 /* Preview Content */ = {
			isa = PBXGroup;
			children = (
				F2DD75A92892A00B00EBC4F3 /* Preview Assets.xcassets */,
			);
			path = "Preview Content";
			sourceTree = "<group>";
		};
/* End PBXGroup section */

/* Begin PBXNativeTarget section */
		F2DD759E2892A00900EBC4F3 /* Dicematic */ = {
			isa = PBXNativeTarget;
			buildConfigurationList = F2DD75AD2892A00B00EBC4F3 /* Build configuration list for PBXNativeTarget "Dicematic" */;
			buildPhases = (
				F2DD759B2892A00900EBC4F3 /* Sources */,
				F2DD759C2892A00900EBC4F3 /* Frameworks */,
				F2DD759D2892A00900EBC4F3 /* Resources */,
			);
			buildRules = (
			);
			dependencies = (
			);
			name = Dicematic;
			productName = Dicematic;
			productReference = F2DD759F2892A00900EBC4F3 /* Dicematic.app */;
			productType = "com.apple.product-type.application";
		};
/* End PBXNativeTarget section */

/* Begin PBXProject section */
		F2DD75972892A00900EBC4F3 /* Project object */ = {
			isa = PBXProject;
			attributes = {
				BuildIndependentTargetsInParallel = 1;
				LastSwiftUpdateCheck = 1340;
				LastUpgradeCheck = 1340;
				TargetAttributes = {
					F2DD759E2892A00900EBC4F3 = {
						CreatedOnToolsVersion = 13.4.1;
					};
				};
			};
			buildConfigurationList = F2DD759A2892A00900EBC4F3 /* Build configuration list for PBXProject "Dicematic" */;
			compatibilityVersion = "Xcode 13.0";
			developmentRegion = en;
			hasScannedForEncodings = 0;
			knownRegions = (
				en,
				Base,
			);
			mainGroup = F2DD75962892A00900EBC4F3;
			productRefGroup = F2DD75A02892A00900EBC4F3 /* Products */;
			projectDirPath = "";
			projectRoot = "";
			targets = (
				F2DD759E2892A00900EBC4F3 /* Dicematic */,
			);
		};
/* End PBXProject section */

/* Begin PBXResourcesBuildPhase section */
		F2DD759D2892A00900EBC4F3 /* Resources */ = {
			isa = PBXResourcesBuildPhase;
			buildActionMask = 2147483647;
			files = (
				F2DD75AA2892A00B00EBC4F3 /* Preview Assets.xcassets in Resources */,
				F2DD75A72892A00B00EBC4F3 /* Assets.xcassets in Resources */,
			);
			runOnlyForDeploymentPostprocessing = 0;
		};
/* End PBXResourcesBuildPhase section */

/* Begin PBXSourcesBuildPhase section */
		F2DD759B2892A00900EBC4F3 /* Sources */ = {
			isa = PBXSourcesBuildPhase;
			buildActionMask = 2147483647;
			files = (
				F2DD75B52892AA7000EBC4F3 /* SettingsView.swift in Sources */,
				F2DD75A52892A00900EBC4F3 /* ContentView.swift in Sources */,
				F27984C6289355F800AF0720 /* DataSave.swift in Sources */,
				F2DD75B12892A03500EBC4F3 /* DiceView.swift in Sources */,
				F2DD75B72892D0AF00EBC4F3 /* DiceItem.swift in Sources */,
				F25A9E04289312290030C87A /* DiceDot.swift in Sources */,
				F2DD75B32892A06000EBC4F3 /* Dice.swift in Sources */,
				F2DD75A32892A00900EBC4F3 /* DicematicApp.swift in Sources */,
				F27984C2289321AD00AF0720 /* HistoryView.swift in Sources */,
				F25A9E06289312630030C87A /* DiceDotsView.swift in Sources */,
			);
			runOnlyForDeploymentPostprocessing = 0;
		};
/* End PBXSourcesBuildPhase section */

/* Begin XCBuildConfiguration section */
		F2DD75AB2892A00B00EBC4F3 /* Debug */ = {
			isa = XCBuildConfiguration;
			buildSettings = {
				ALWAYS_SEARCH_USER_PATHS = NO;
				CLANG_ANALYZER_NONNULL = YES;
				CLANG_ANALYZER_NUMBER_OBJECT_CONVERSION = YES_AGGRESSIVE;
				CLANG_CXX_LANGUAGE_STANDARD = "gnu++17";
				CLANG_ENABLE_MODULES = YES;
				CLANG_ENABLE_OBJC_ARC = YES;
				CLANG_ENABLE_OBJC_WEAK = YES;
				CLANG_WARN_BLOCK_CAPTURE_AUTORELEASING = YES;
				CLANG_WARN_BOOL_CONVERSION = YES;
				CLANG_WARN_COMMA = YES;
				CLANG_WARN_CONSTANT_CONVERSION = YES;
				CLANG_WARN_DEPRECATED_OBJC_IMPLEMENTATIONS = YES;
				CLANG_WARN_DIRECT_OBJC_ISA_USAGE = YES_ERROR;
				CLANG_WARN_DOCUMENTATION_COMMENTS = YES;
				CLANG_WARN_EMPTY_BODY = YES;
				CLANG_WARN_ENUM_CONVERSION = YES;
				CLANG_WARN_INFINITE_RECURSION = YES;
				CLANG_WARN_INT_CONVERSION = YES;
				CLANG_WARN_NON_LITERAL_NULL_CONVERSION = YES;
				CLANG_WARN_OBJC_IMPLICIT_RETAIN_SELF = YES;
				CLANG_WARN_OBJC_LITERAL_CONVERSION = YES;
				CLANG_WARN_OBJC_ROOT_CLASS = YES_ERROR;
				CLANG_WARN_QUOTED_INCLUDE_IN_FRAMEWORK_HEADER = YES;
				CLANG_WARN_RANGE_LOOP_ANALYSIS = YES;
				CLANG_WARN_STRICT_PROTOTYPES = YES;
				CLANG_WARN_SUSPICIOUS_MOVE = YES;
				CLANG_WARN_UNGUARDED_AVAILABILITY = YES_AGGRESSIVE;
				CLANG_WARN_UNREACHABLE_CODE = YES;
				CLANG_WARN__DUPLICATE_METHOD_MATCH = YES;
				COPY_PHASE_STRIP = NO;
				DEBUG_INFORMATION_FORMAT = dwarf;
				ENABLE_STRICT_OBJC_MSGSEND = YES;
				ENABLE_TESTABILITY = YES;
				GCC_C_LANGUAGE_STANDARD = gnu11;
				GCC_DYNAMIC_NO_PIC = NO;
				GCC_NO_COMMON_BLOCKS = YES;
				GCC_OPTIMIZATION_LEVEL = 0;
				GCC_PREPROCESSOR_DEFINITIONS = (
					"DEBUG=1",
					"$(inherited)",
				);
				GCC_WARN_64_TO_32_BIT_CONVERSION = YES;
				GCC_WARN_ABOUT_RETURN_TYPE = YES_ERROR;
				GCC_WARN_UNDECLARED_SELECTOR = YES;
				GCC_WARN_UNINITIALIZED_AUTOS = YES_AGGRESSIVE;
				GCC_WARN_UNUSED_FUNCTION = YES;
				GCC_WARN_UNUSED_VARIABLE = YES;
				IPHONEOS_DEPLOYMENT_TARGET = 15.5;
				MTL_ENABLE_DEBUG_INFO = INCLUDE_SOURCE;
				MTL_FAST_MATH = YES;
				ONLY_ACTIVE_ARCH = YES;
				SDKROOT = iphoneos;
				SWIFT_ACTIVE_COMPILATION_CONDITIONS = DEBUG;
				SWIFT_OPTIMIZATION_LEVEL = "-Onone";
			};
			name = Debug;
		};
		F2DD75AC2892A00B00EBC4F3 /* Release */ = {
			isa = XCBuildConfiguration;
			buildSettings = {
				ALWAYS_SEARCH_USER_PATHS = NO;
				CLANG_ANALYZER_NONNULL = YES;
				CLANG_ANALYZER_NUMBER_OBJECT_CONVERSION = YES_AGGRESSIVE;
				CLANG_CXX_LANGUAGE_STANDARD = "gnu++17";
				CLANG_ENABLE_MODULES = YES;
				CLANG_ENABLE_OBJC_ARC = YES;
				CLANG_ENABLE_OBJC_WEAK = YES;
				CLANG_WARN_BLOCK_CAPTURE_AUTORELEASING = YES;
				CLANG_WARN_BOOL_CONVERSION = YES;
				CLANG_WARN_COMMA = YES;
				CLANG_WARN_CONSTANT_CONVERSION = YES;
				CLANG_WARN_DEPRECATED_OBJC_IMPLEMENTATIONS = YES;
				CLANG_WARN_DIRECT_OBJC_ISA_USAGE = YES_ERROR;
				CLANG_WARN_DOCUMENTATION_COMMENTS = YES;
				CLANG_WARN_EMPTY_BODY = YES;
				CLANG_WARN_ENUM_CONVERSION = YES;
				CLANG_WARN_INFINITE_RECURSION = YES;
				CLANG_WARN_INT_CONVERSION = YES;
				CLANG_WARN_NON_LITERAL_NULL_CONVERSION = YES;
				CLANG_WARN_OBJC_IMPLICIT_RETAIN_SELF = YES;
				CLANG_WARN_OBJC_LITERAL_CONVERSION = YES;
				CLANG_WARN_OBJC_ROOT_CLASS = YES_ERROR;
				CLANG_WARN_QUOTED_INCLUDE_IN_FRAMEWORK_HEADER = YES;
				CLANG_WARN_RANGE_LOOP_ANALYSIS = YES;
				CLANG_WARN_STRICT_PROTOTYPES = YES;
				CLANG_WARN_SUSPICIOUS_MOVE = YES;
				CLANG_WARN_UNGUARDED_AVAILABILITY = YES_AGGRESSIVE;
				CLANG_WARN_UNREACHABLE_CODE = YES;
				CLANG_WARN__DUPLICATE_METHOD_MATCH = YES;
				COPY_PHASE_STRIP = NO;
				DEBUG_INFORMATION_FORMAT = "dwarf-with-dsym";
				ENABLE_NS_ASSERTIONS = NO;
				ENABLE_STRICT_OBJC_MSGSEND = YES;
				GCC_C_LANGUAGE_STANDARD = gnu11;
				GCC_NO_COMMON_BLOCKS = YES;
				GCC_WARN_64_TO_32_BIT_CONVERSION = YES;
				GCC_WARN_ABOUT_RETURN_TYPE = YES_ERROR;
				GCC_WARN_UNDECLARED_SELECTOR = YES;
				GCC_WARN_UNINITIALIZED_AUTOS = YES_AGGRESSIVE;
				GCC_WARN_UNUSED_FUNCTION = YES;
				GCC_WARN_UNUSED_VARIABLE = YES;
				IPHONEOS_DEPLOYMENT_TARGET = 15.5;
				MTL_ENABLE_DEBUG_INFO = NO;
				MTL_FAST_MATH = YES;
				SDKROOT = iphoneos;
				SWIFT_COMPILATION_MODE = wholemodule;
				SWIFT_OPTIMIZATION_LEVEL = "-O";
				VALIDATE_PRODUCT = YES;
			};
			name = Release;
		};
		F2DD75AE2892A00B00EBC4F3 /* Debug */ = {
			isa = XCBuildConfiguration;
			buildSettings = {
				ASSETCATALOG_COMPILER_APPICON_NAME = AppIcon;
				ASSETCATALOG_COMPILER_GLOBAL_ACCENT_COLOR_NAME = AccentColor;
				CODE_SIGN_STYLE = Automatic;
				CURRENT_PROJECT_VERSION = 1;
				DEVELOPMENT_ASSET_PATHS = "\"Dicematic/Preview Content\"";
				DEVELOPMENT_TEAM = R874Y5LPTR;
				ENABLE_PREVIEWS = YES;
				GENERATE_INFOPLIST_FILE = YES;
				INFOPLIST_KEY_UIApplicationSceneManifest_Generation = YES;
				INFOPLIST_KEY_UIApplicationSupportsIndirectInputEvents = YES;
				INFOPLIST_KEY_UILaunchScreen_Generation = YES;
				INFOPLIST_KEY_UISupportedInterfaceOrientations_iPad = "UIInterfaceOrientationPortrait UIInterfaceOrientationPortraitUpsideDown UIInterfaceOrientationLandscapeLeft UIInterfaceOrientationLandscapeRight";
				INFOPLIST_KEY_UISupportedInterfaceOrientations_iPhone = "UIInterfaceOrientationPortrait UIInterfaceOrientationLandscapeLeft UIInterfaceOrientationLandscapeRight";
				LD_RUNPATH_SEARCH_PATHS = (
					"$(inherited)",
					"@executable_path/Frameworks",
				);
				MARKETING_VERSION = 1.1.0;
				PRODUCT_BUNDLE_IDENTIFIER = s3rg4sh.Dicematic;
				PRODUCT_NAME = "$(TARGET_NAME)";
				SWIFT_EMIT_LOC_STRINGS = YES;
				SWIFT_VERSION = 5.0;
				TARGETED_DEVICE_FAMILY = "1,2";
			};
			name = Debug;
		};
		F2DD75AF2892A00B00EBC4F3 /* Release */ = {
			isa = XCBuildConfiguration;
			buildSettings = {
				ASSETCATALOG_COMPILER_APPICON_NAME = AppIcon;
				ASSETCATALOG_COMPILER_GLOBAL_ACCENT_COLOR_NAME = AccentColor;
				CODE_SIGN_STYLE = Automatic;
				CURRENT_PROJECT_VERSION = 1;
				DEVELOPMENT_ASSET_PATHS = "\"Dicematic/Preview Content\"";
				DEVELOPMENT_TEAM = R874Y5LPTR;
				ENABLE_PREVIEWS = YES;
				GENERATE_INFOPLIST_FILE = YES;
				INFOPLIST_KEY_UIApplicationSceneManifest_Generation = YES;
				INFOPLIST_KEY_UIApplicationSupportsIndirectInputEvents = YES;
				INFOPLIST_KEY_UILaunchScreen_Generation = YES;
				INFOPLIST_KEY_UISupportedInterfaceOrientations_iPad = "UIInterfaceOrientationPortrait UIInterfaceOrientationPortraitUpsideDown UIInterfaceOrientationLandscapeLeft UIInterfaceOrientationLandscapeRight";
				INFOPLIST_KEY_UISupportedInterfaceOrientations_iPhone = "UIInterfaceOrientationPortrait UIInterfaceOrientationLandscapeLeft UIInterfaceOrientationLandscapeRight";
				LD_RUNPATH_SEARCH_PATHS = (
					"$(inherited)",
					"@executable_path/Frameworks",
				);
				MARKETING_VERSION = 1.1.0;
				PRODUCT_BUNDLE_IDENTIFIER = s3rg4sh.Dicematic;
				PRODUCT_NAME = "$(TARGET_NAME)";
				SWIFT_EMIT_LOC_STRINGS = YES;
				SWIFT_VERSION = 5.0;
				TARGETED_DEVICE_FAMILY = "1,2";
			};
			name = Release;
		};
/* End XCBuildConfiguration section */

/* Begin XCConfigurationList section */
		F2DD759A2892A00900EBC4F3 /* Build configuration list for PBXProject "Dicematic" */ = {
			isa = XCConfigurationList;
			buildConfigurations = (
				F2DD75AB2892A00B00EBC4F3 /* Debug */,
				F2DD75AC2892A00B00EBC4F3 /* Release */,
			);
			defaultConfigurationIsVisible = 0;
			defaultConfigurationName = Release;
		};
		F2DD75AD2892A00B00EBC4F3 /* Build configuration list for PBXNativeTarget "Dicematic" */ = {
			isa = XCConfigurationList;
			buildConfigurations = (
				F2DD75AE2892A00B00EBC4F3 /* Debug */,
				F2DD75AF2892A00B00EBC4F3 /* Release */,
			);
			defaultConfigurationIsVisible = 0;
			defaultConfigurationName = Release;
		};
/* End XCConfigurationList section */
	};
	rootObject = F2DD75972892A00900EBC4F3 /* Project object */;
}
